# This file is autogenerated, do not edit; changes may be undone by the next 'dep ensure'.


[[projects]]
  branch = "master"
  digest = "1:34c5b8720a28e2c9bf3446a9837ccfcdd941f08dd13559d69ef21628c81c0986"
  name = "github.com/avast/apkparser"
  packages = ["."]
  pruneopts = "UT"
  revision = "64ac289075cff9515f68dad1fd66fc042cbf80d2"

[[projects]]
  branch = "master"
  digest = "1:5cd2e778c816f24f08fc6a71a463b0feae2aa97d9a9cfd0ae3d99221b383774b"
  name = "github.com/bitrise-io/bitrise"
  packages = ["models"]
  pruneopts = "UT"
  revision = "d380a19c20fa763f7403b178eb69bb34500cdf3c"

[[projects]]
  branch = "master"
  digest = "1:774a30075d61df0eb252ff2a1d49b932496bffefc999d79208a9f71b7f9f799a"
  name = "github.com/bitrise-io/envman"
  packages = [
    "envman",
    "models",
  ]
  pruneopts = "UT"
  revision = "919e33f391ee97e87193ae604967f02707a64e37"

[[projects]]
  branch = "master"
  digest = "1:c050cdb51aa46952748e92cd29c78593c711a2ee4e84bf4e09dfbc7def71304d"
  name = "github.com/bitrise-io/go-android"
  packages = ["sdk"]
  pruneopts = "UT"
  revision = "a765b1761418206bd0bda269bee472efc1a77c4d"

[[projects]]
  branch = "master"
  digest = "1:ba6694e16cc02ad534ba0e2443323379159c978bbba876b01a7286c326cafeb8"
  name = "github.com/bitrise-io/go-steputils"
  packages = [
    "stepconf",
    "tools",
  ]
  pruneopts = "UT"
  revision = "94490ca44ddb645764676a94988f6fc7e3187383"

[[projects]]
  branch = "master"
  digest = "1:d94db6fddb07be1e758ea8fd5f32f3c2343e37196eab13caf297d7e89ee78264"
  name = "github.com/bitrise-io/go-utils"
  packages = [
    "colorstring",
    "command",
    "command/git",
    "errorutil",
    "fileutil",
    "log",
    "parseutil",
    "pathutil",
    "pkcs12",
    "pkcs12/internal/rc2",
    "pointers",
    "retry",
    "sliceutil",
    "urlutil",
    "ziputil",
  ]
  pruneopts = "UT"
  revision = "e212188d99b41373b4ff8b69e7b1f677bc427bde"

[[projects]]
  branch = "master"
  digest = "1:234d1f0d35469bfeacbaf43f8646ca143ad14b22d0599e4403867db24b57a274"
  name = "github.com/bitrise-io/go-xcode"
  packages = [
    "certificateutil",
    "exportoptions",
    "ipa",
    "models",
    "plistutil",
    "profileutil",
    "utility",
    "xcarchive",
  ]
  pruneopts = "UT"
  revision = "95bf1e5fb205f81972e2450d227fa80748a5b322"

[[projects]]
  branch = "master"
  digest = "1:980e760f25b82cb4ffe32b146956029f1f5c8bea3c39f9f973cc023d4ae965b1"
  name = "github.com/bitrise-io/goinp"
  packages = ["goinp"]
  pruneopts = "UT"
  revision = "bd18a8681e272db4696c50152b288f722d08b914"

[[projects]]
  branch = "master"
  digest = "1:b1346ca132021ca4f0c38b546de5d579ccf406eede745c2f147b35e8c04ad997"
  name = "github.com/bitrise-io/stepman"
  packages = ["models"]
  pruneopts = "UT"
  revision = "83b3b9f433483b87e106bab9f479148092562cfa"

[[projects]]
  branch = "master"
  digest = "1:3d8c80c59d85c2ecf2b037c512d29016343956c100b6338bd923c1fd22ab4bb3"
  name = "github.com/bitrise-io/xcode-project"
  packages = ["serialized"]
  pruneopts = "UT"
  revision = "09e5737e052d9d01cb927e53e18c378868377414"

[[projects]]
  branch = "master"
  digest = "1:26e714e21bef4fc07640fb796ccce6d4f9423e15b2d660e131a8e61a0ee576d5"
  name = "github.com/bitrise-steplib/steps-xcode-test"
  packages = ["pretty"]
  pruneopts = "UT"
  revision = "2f36e5fc43f2d1f1133e69c8fa095a3c7dfaa544"

[[projects]]
  digest = "1:ffe9824d294da03b391f44e1ae8281281b4afc1bdaa9588c9097785e3af10cec"
  name = "github.com/davecgh/go-spew"
  packages = ["spew"]
  pruneopts = "UT"
  revision = "8991bc29aa16c548c550c7ff78260e27b9ab7c73"
  version = "v1.1.1"

[[projects]]
  branch = "master"
  digest = "1:0bd05495dbd0567480e48eac9e6602d87875a8747b13c3c0fcb7c83c7c921776"
  name = "github.com/fullsailor/pkcs7"
  packages = ["."]
  pruneopts = "UT"
  revision = "d7302db945fa6ea264fb79d8e13e931ea514a602"

[[projects]]
  digest = "1:ea920fc7bb1d9a2fe99782eb6a5b4e809dfbfcfabd6ab55a387353934acbf09c"
  name = "github.com/google/go-cmp"
  packages = [
    "cmp",
    "cmp/internal/diff",
    "cmp/internal/flags",
    "cmp/internal/function",
    "cmp/internal/value",
  ]
  pruneopts = "UT"
  revision = "7e5cb83929c528b29e5a8ac1244eab0436f79bce"
  version = "v0.4.1"

[[projects]]
  digest = "1:25ebe6496abb289ef977c081b2d49f56dd97c32db4ca083d37f95923909ced02"
  name = "github.com/gorilla/mux"
  packages = ["."]
  pruneopts = "UT"
  revision = "75dcda0896e109a2a22c9315bca3bb21b87b2ba5"
  version = "v1.7.4"

[[projects]]
  digest = "1:88e0b0baeb9072f0a4afbcf12dda615fc8be001d1802357538591155998da21b"
  name = "github.com/hashicorp/go-version"
  packages = ["."]
  pruneopts = "UT"
  revision = "ac23dc3fea5d1a983c43f6a0f6e2c13f0195d8bd"
  version = "v1.2.0"

[[projects]]
  digest = "1:cf31692c14422fa27c83a05292eb5cbe0fb2775972e8f1f8446a71549bd8980b"
  name = "github.com/pkg/errors"
  packages = ["."]
  pruneopts = "UT"
  revision = "ba968bfe8b2f7e042a574c888954fccecfa385b4"
  version = "v0.8.1"

[[projects]]
  digest = "1:0028cb19b2e4c3112225cd871870f2d9cf49b9b4276531f03438a88e94be86fe"
  name = "github.com/pmezard/go-difflib"
  packages = ["difflib"]
  pruneopts = "UT"
  revision = "792786c7400a136282c1664665ae0a8db921c6c2"
  version = "v1.0.0"

[[projects]]
  digest = "1:6baa565fe16f8657cf93469b2b8a6c61a277827734400d27e44d589547297279"
  name = "github.com/ryanuber/go-glob"
  packages = ["."]
  pruneopts = "UT"
  revision = "51a8f68e6c24dc43f1e371749c89a267de4ebc53"
  version = "v1.0.0"

[[projects]]
  digest = "1:0bd81087c12be521236e09538226d5541a3d600930e42b9533d245ce3126ee28"
  name = "github.com/stretchr/testify"
  packages = ["assert"]
  pruneopts = "UT"
  revision = "004e3cb72213e5e727e4e08f668ee6c8f27e5d32"
  version = "v1.6.0"

[[projects]]
  branch = "master"
  digest = "1:c9d0c7346c55bc13efdb3dbf13938e909d22a7a7bf115af69a79e25553513bd0"
  name = "golang.org/x/crypto"
  packages = ["ssh/terminal"]
  pruneopts = "UT"
  revision = "9d1352758620574fd6fc23c31c59c4333b4b3fff"

[[projects]]
  branch = "master"
  digest = "1:efa3cccf7ebcdc757fb0901d0d6a8e9fcd55f7d54b230a5e1bb3dc5dbb6e1ae5"
  name = "golang.org/x/sys"
  packages = [
    "internal/unsafeheader",
    "plan9",
    "unix",
    "windows",
  ]
  pruneopts = "UT"
  revision = "f9fddec55a1e5ebe479d5259f4982995b3194ebc"

[[projects]]
  branch = "master"
  digest = "1:aff3723b8ec6c06bb52b62cf492783ae041e137534714289acb6625c031d1b24"
  name = "golang.org/x/term"
  packages = ["."]
  pruneopts = "UT"
  revision = "2321bbc49cbf8303ea9834c419750e793e31be73"

[[projects]]
  digest = "1:5054a1f394226de9e6ddc47b0ba77e35092a4112f4a1cd9cb94aba1f5bdc3ec6"
  name = "gopkg.in/yaml.v2"
  packages = ["."]
  pruneopts = "UT"
  revision = "7649d4548cb53a614db133b2a8ac1f31859dda8c"
  version = "v2.4.0"

[[projects]]
  branch = "v3"
  digest = "1:1c95a70bae9e9fc609342f9ab469ee2559d04b09770e5fea836b6789df4ec44a"
  name = "gopkg.in/yaml.v3"
  packages = ["."]
  pruneopts = "UT"
  revision = "913338de1bd29d0c7b979a5bb8a947a9f6f05c2e"

[[projects]]
  branch = "master"
  digest = "1:b5ead2120cd278858a83be14ef551f54295da350033dbc3f227fe0298b880256"
  name = "howett.net/plist"
  packages = ["."]
  pruneopts = "UT"
  revision = "3b63eb3a43b59c776909681ed1fcb412b47d3c9a"

[solve-meta]
  analyzer-name = "dep"
  analyzer-version = 1
  input-imports = [
    "github.com/avast/apkparser",
    "github.com/bitrise-io/bitrise/models",
    "github.com/bitrise-io/envman/envman",
    "github.com/bitrise-io/go-android/sdk",
    "github.com/bitrise-io/go-steputils/stepconf",
    "github.com/bitrise-io/go-steputils/tools",
    "github.com/bitrise-io/go-utils/colorstring",
    "github.com/bitrise-io/go-utils/command",
    "github.com/bitrise-io/go-utils/command/git",
    "github.com/bitrise-io/go-utils/errorutil",
    "github.com/bitrise-io/go-utils/fileutil",
    "github.com/bitrise-io/go-utils/log",
    "github.com/bitrise-io/go-utils/pathutil",
    "github.com/bitrise-io/go-utils/retry",
    "github.com/bitrise-io/go-utils/sliceutil",
    "github.com/bitrise-io/go-utils/urlutil",
    "github.com/bitrise-io/go-utils/ziputil",
    "github.com/bitrise-io/go-xcode/exportoptions",
    "github.com/bitrise-io/go-xcode/ipa",
    "github.com/bitrise-io/go-xcode/plistutil",
    "github.com/bitrise-io/go-xcode/profileutil",
    "github.com/bitrise-io/go-xcode/utility",
    "github.com/bitrise-io/go-xcode/xcarchive",
    "github.com/bitrise-io/xcode-project/serialized",
    "github.com/bitrise-steplib/steps-xcode-test/pretty",
    "github.com/google/go-cmp/cmp",
    "github.com/gorilla/mux",
    "github.com/pkg/errors",
    "github.com/stretchr/testify/assert",
    "howett.net/plist",
  ]
  solver-name = "gps-cdcl"
  solver-version = 1
