# This file is autogenerated, do not edit; changes may be undone by the next 'dep ensure'.


[[projects]]
  branch = "master"
  digest = "1:044a9a52a1484169c47b6d2c359a593eccdba22667a08aa294ac7baed7c653e4"
  name = "github.com/avast/apkparser"
  packages = ["."]
  pruneopts = "UT"
  revision = "5ea4c23a90d9b14ec2d3fb6cb06aeff57eda2d32"

[[projects]]
  branch = "master"
  digest = "1:5e3bbc74fb2d9b11f52377c6cf4310c084aa8f3dc1995a16f46da52862651ccd"
  name = "github.com/bitrise-io/bitrise"
  packages = ["models"]
  pruneopts = "UT"
  revision = "099ec60f02cc67ebd8b086e71abe0c2bd6a58c03"

[[projects]]
  branch = "master"
  digest = "1:4e1c0cc22c53c5ebda9bd380afd5b56a2f1fc9e6fd2eed59ab8ba0c1522eee19"
  name = "github.com/bitrise-io/envman"
  packages = ["models"]
  pruneopts = "UT"
  revision = "7698fc58b190e022c2a8ca667b539ce48c3ed1c9"

[[projects]]
  branch = "master"
  digest = "1:c050cdb51aa46952748e92cd29c78593c711a2ee4e84bf4e09dfbc7def71304d"
  name = "github.com/bitrise-io/go-android"
  packages = ["sdk"]
  pruneopts = "UT"
  revision = "34d6f20488bf0e2256c034c03a2a589a4a608e3f"

[[projects]]
  branch = "master"
  digest = "1:8f5fdb79a7a38f6b7dafbc47f620322f384a0cb06858cb28df0e5635e5bb4df4"
  name = "github.com/bitrise-io/go-steputils"
  packages = [
    "stepconf",
    "tools",
  ]
  pruneopts = "UT"
  revision = "f540824d77dfd382ce84fd0ee0a9da2fba1cce0a"

[[projects]]
  branch = "master"
  digest = "1:c78f8220c2e1accab171ec2ec899f7ce011f351619feee5de11f079336ae54c0"
  name = "github.com/bitrise-io/go-utils"
  packages = [
    "colorstring",
    "command",
    "command/git",
    "errorutil",
    "fileutil",
    "log",
    "parseutil",
    "pathutil",
    "pkcs12",
    "pkcs12/internal/rc2",
    "pointers",
    "retry",
    "sliceutil",
    "urlutil",
    "ziputil",
  ]
  pruneopts = "UT"
  revision = "ad86bf775472ce1934affb9d3cb7d5ea3dffd16f"

[[projects]]
  branch = "master"
  digest = "1:b56f4c1e2f6834da9549215c3c56b0e590cf04e8a400928a2e079ac4c0322187"
  name = "github.com/bitrise-io/go-xcode"
  packages = [
    "certificateutil",
    "exportoptions",
    "ipa",
    "models",
    "plistutil",
    "profileutil",
    "utility",
    "xcarchive",
  ]
  pruneopts = "UT"
  revision = "39758b99f466fbd5271280a29e55d6982e0de8bd"

[[projects]]
  branch = "master"
  digest = "1:a31f5ffeb3ba940633762768571321abb47b57bc48c0551fc0e3d7aff3564770"
  name = "github.com/bitrise-io/stepman"
  packages = ["models"]
  pruneopts = "UT"
  revision = "8138843b694ce731d58a1754b57ac250a9dec9e6"

[[projects]]
  branch = "master"
  digest = "1:3d8c80c59d85c2ecf2b037c512d29016343956c100b6338bd923c1fd22ab4bb3"
  name = "github.com/bitrise-io/xcode-project"
  packages = ["serialized"]
  pruneopts = "UT"
  revision = "a4e01d69cacc7dd9acbe8fb987dba69c9ce01b1c"

[[projects]]
  branch = "master"
  digest = "1:26e714e21bef4fc07640fb796ccce6d4f9423e15b2d660e131a8e61a0ee576d5"
  name = "github.com/bitrise-steplib/steps-xcode-test"
  packages = ["pretty"]
  pruneopts = "UT"
  revision = "a88a70f7d32aff4f89e2f0366ee6dfcbf881bfc0"

[[projects]]
  branch = "master"
  digest = "1:0bd05495dbd0567480e48eac9e6602d87875a8747b13c3c0fcb7c83c7c921776"
  name = "github.com/fullsailor/pkcs7"
  packages = ["."]
  pruneopts = "UT"
  revision = "d7302db945fa6ea264fb79d8e13e931ea514a602"

[[projects]]
  digest = "1:cbec35fe4d5a4fba369a656a8cd65e244ea2c743007d8f6c1ccb132acf9d1296"
  name = "github.com/gorilla/mux"
  packages = ["."]
  pruneopts = "UT"
  revision = "00bdffe0f3c77e27d2cf6f5c70232a2d3e4d9c15"
  version = "v1.7.3"

[[projects]]
  digest = "1:88e0b0baeb9072f0a4afbcf12dda615fc8be001d1802357538591155998da21b"
  name = "github.com/hashicorp/go-version"
  packages = ["."]
  pruneopts = "UT"
  revision = "ac23dc3fea5d1a983c43f6a0f6e2c13f0195d8bd"
  version = "v1.2.0"

[[projects]]
  digest = "1:cf31692c14422fa27c83a05292eb5cbe0fb2775972e8f1f8446a71549bd8980b"
  name = "github.com/pkg/errors"
  packages = ["."]
  pruneopts = "UT"
  revision = "ba968bfe8b2f7e042a574c888954fccecfa385b4"
  version = "v0.8.1"

[[projects]]
  digest = "1:6baa565fe16f8657cf93469b2b8a6c61a277827734400d27e44d589547297279"
  name = "github.com/ryanuber/go-glob"
  packages = ["."]
  pruneopts = "UT"
  revision = "51a8f68e6c24dc43f1e371749c89a267de4ebc53"
  version = "v1.0.0"

[[projects]]
  branch = "master"
  digest = "1:c10265d5a71326618d37e97169eddb3582f78e8ac7dcf87403b4cf619efd519a"
  name = "howett.net/plist"
  packages = ["."]
  pruneopts = "UT"
  revision = "591f970eefbbeb04d7b37f334a0c4c3256e32876"

[solve-meta]
  analyzer-name = "dep"
  analyzer-version = 1
  input-imports = [
    "github.com/avast/apkparser",
    "github.com/bitrise-io/bitrise/models",
    "github.com/bitrise-io/go-android/sdk",
    "github.com/bitrise-io/go-steputils/stepconf",
    "github.com/bitrise-io/go-steputils/tools",
    "github.com/bitrise-io/go-utils/colorstring",
    "github.com/bitrise-io/go-utils/command",
    "github.com/bitrise-io/go-utils/command/git",
    "github.com/bitrise-io/go-utils/errorutil",
    "github.com/bitrise-io/go-utils/fileutil",
    "github.com/bitrise-io/go-utils/log",
    "github.com/bitrise-io/go-utils/pathutil",
    "github.com/bitrise-io/go-utils/retry",
    "github.com/bitrise-io/go-utils/sliceutil",
    "github.com/bitrise-io/go-utils/urlutil",
    "github.com/bitrise-io/go-utils/ziputil",
    "github.com/bitrise-io/go-xcode/exportoptions",
    "github.com/bitrise-io/go-xcode/ipa",
    "github.com/bitrise-io/go-xcode/plistutil",
    "github.com/bitrise-io/go-xcode/profileutil",
    "github.com/bitrise-io/go-xcode/utility",
    "github.com/bitrise-io/go-xcode/xcarchive",
    "github.com/bitrise-io/xcode-project/serialized",
    "github.com/bitrise-steplib/steps-xcode-test/pretty",
    "github.com/gorilla/mux",
    "github.com/pkg/errors",
    "howett.net/plist",
  ]
  solver-name = "gps-cdcl"
  solver-version = 1
